<?xml version="1.0" encoding="utf-8"?>
<Project ToolsVersion="4.0" xmlns="http://schemas.microsoft.com/developer/msbuild/2003">
  <ItemGroup>
    <ClCompile Include="glad.c" />
    <ClCompile Include="main.cpp" />
    <ClCompile Include="transform.h" />
    <ClCompile Include="engine.h" />
    <ClCompile Include="objects.h" />
  </ItemGroup>
  <ItemGroup>
    <ClInclude Include="resource.h" />
    <ClInclude Include="shader.h" />
    <ClInclude Include="EngineResources\Colour.h">
      <Filter>EngineResources</Filter>
    </ClInclude>
    <ClInclude Include="EngineResources\Console.h">
      <Filter>EngineResources</Filter>
    </ClInclude>
  </ItemGroup>
  <ItemGroup>
    <Image Include="IMG_2209.ico" />
  </ItemGroup>
  <ItemGroup>
    <None Include="VERTEX_SHADER.glsl">
      <Filter>Shaders</Filter>
    </None>
    <None Include="LIGHTING_FRAGMENT_SHADER.glsl">
      <Filter>Shaders</Filter>
    </None>
    <None Include="LIGHT_GIZMO_FRAG.glsl">
      <Filter>Shaders</Filter>
    </None>
    <None Include="LIGHT_GIZMO_VERT.glsl">
      <Filter>Shaders</Filter>
    </None>
  </ItemGroup>
  <ItemGroup>
    <Filter Include="EngineResources">
      <UniqueIdentifier>{22d2c26a-6ce9-496d-8f08-5d54d994b8db}</UniqueIdentifier>
    </Filter>
    <Filter Include="Shaders">
      <UniqueIdentifier>{c80c3031-2ad7-437c-9685-59bc905f6751}</UniqueIdentifier>
    </Filter>
  </ItemGroup>
  <ItemGroup>
    <ResourceCompile Include="Application.rc" />
  </ItemGroup>
</Project>