<?xml version="1.0" encoding="utf-8"?>
<Project ToolsVersion="4.0" xmlns="http://schemas.microsoft.com/developer/msbuild/2003">
  <ItemGroup>
    <ClCompile Include="glad.c" />
    <ClCompile Include="main.cpp" />
    <ClCompile Include="objects.cpp" />
    <ClCompile Include="Scene.cpp" />
  </ItemGroup>
  <ItemGroup>
    <ClInclude Include="EngineResources\Colour.h">
      <Filter>EngineResources</Filter>
    </ClInclude>
    <ClInclude Include="EngineResources\Console.h">
      <Filter>EngineResources</Filter>
    </ClInclude>
    <ClInclude Include="objects.h" />
    <ClInclude Include="transform.h" />
    <ClInclude Include="engine.h" />
    <ClInclude Include="Scene.h" />
    <ClInclude Include="main.h" />
  </ItemGroup>
  <ItemGroup>
    <Image Include="IMG_2209.ico" />
  </ItemGroup>
  <ItemGroup>
    <Filter Include="EngineResources">
      <UniqueIdentifier>{22d2c26a-6ce9-496d-8f08-5d54d994b8db}</UniqueIdentifier>
    </Filter>
    <Filter Include="Shaders">
      <UniqueIdentifier>{c80c3031-2ad7-437c-9685-59bc905f6751}</UniqueIdentifier>
    </Filter>
    <Filter Include="Scenes">
      <UniqueIdentifier>{23dd7d09-eb1f-4814-ba77-68abe86a0d46}</UniqueIdentifier>
    </Filter>
  </ItemGroup>
  <ItemGroup>
    <ResourceCompile Include="Application.rc" />
  </ItemGroup>
  <ItemGroup>
    <None Include="Shaders\DEFAULT_FRAGMENT_SHADER.glsl">
      <Filter>Shaders</Filter>
    </None>
    <None Include="Shaders\DEFAULT_VERTEX_SHADER.glsl">
      <Filter>Shaders</Filter>
    </None>
    <None Include="Shaders\LIGHTING_FRAGMENT_SHADER.glsl">
      <Filter>Shaders</Filter>
    </None>
    <None Include="Shaders\VERTEX_SHADER.glsl">
      <Filter>Shaders</Filter>
    </None>
    <None Include="Shaders\GEOMETRY_SHADER.glsl">
      <Filter>Shaders</Filter>
    </None>
    <None Include="Scenes\Scene.sc">
      <Filter>Scenes</Filter>
    </None>
    <None Include="Shaders\GEOMETRY_VERT_SHADER.glsl">
      <Filter>Shaders</Filter>
    </None>
    <None Include="Shaders\GEOMETRY_FRAG_SHADER.glsl">
      <Filter>Shaders</Filter>
    </None>
    <None Include="Shaders\POST_PROCESS.glsl">
      <Filter>Shaders</Filter>
    </None>
  </ItemGroup>
</Project>